
Microsoft Visual Studio Solution File, Format Version 12.00
# Visual Studio Version 17
VisualStudioVersion = 17.5.002.0
MinimumVisualStudioVersion = 10.0.40219.1
Project("{9A19103F-16F7-4668-BE54-9A1E7A4F7556}") = "EVApplicationsAPI", "EVApplicationsAPI\EVApplicationsAPI.csproj", "{E05D7121-859B-496A-9605-17658B27780C}"
EndProject
Project("{FAE04EC0-301F-11D3-BF4B-00C04F79EFBC}") = "EVApplicationsAPITests", "EVApplicationsAPITests\EVApplicationsAPITests.csproj", "{5CA84BED-B4B0-455C-9B26-6832C906C17A}"
EndProject
Global
	GlobalSection(SolutionConfigurationPlatforms) = preSolution
		Debug|Any CPU = Debug|Any CPU
		Release|Any CPU = Release|Any CPU
	EndGlobalSection
	GlobalSection(ProjectConfigurationPlatforms) = postSolution
		{E05D7121-859B-496A-9605-17658B27780C}.Debug|Any CPU.ActiveCfg = Debug|Any CPU
		{E05D7121-859B-496A-9605-17658B27780C}.Debug|Any CPU.Build.0 = Debug|Any CPU
		{E05D7121-859B-496A-9605-17658B27780C}.Release|Any CPU.ActiveCfg = Release|Any CPU
		{E05D7121-859B-496A-9605-17658B27780C}.Release|Any CPU.Build.0 = Release|Any CPU
		{5CA84BED-B4B0-455C-9B26-6832C906C17A}.Debug|Any CPU.ActiveCfg = Debug|Any CPU
		{5CA84BED-B4B0-455C-9B26-6832C906C17A}.Debug|Any CPU.Build.0 = Debug|Any CPU
		{5CA84BED-B4B0-455C-9B26-6832C906C17A}.Release|Any CPU.ActiveCfg = Release|Any CPU
		{5CA84BED-B4B0-455C-9B26-6832C906C17A}.Release|Any CPU.Build.0 = Release|Any CPU
	EndGlobalSection
	GlobalSection(SolutionProperties) = preSolution
		HideSolutionNode = FALSE
	EndGlobalSection
	GlobalSection(ExtensibilityGlobals) = postSolution
		SolutionGuid = {4FB03EAB-BB74-4ED6-A746-CFCF20AFA4D6}
	EndGlobalSection
EndGlobal
